PATH
  remote: .
  specs:
    fake-file (0.1.2)
      caxlsx
      docxify
      faker
      matrix
      prawn-html

GEM
  remote: https://rubygems.org/
  specs:
    ansi (1.5.0)
    ast (2.4.2)
    caxlsx (4.2.0)
      htmlentities (~> 4.3, >= 4.3.4)
      marcel (~> 1.0)
      nokogiri (~> 1.10, >= 1.10.4)
      rubyzip (>= 1.3.0, < 3)
    coderay (1.1.3)
    concurrent-ruby (1.3.6)
    diff-lcs (1.5.0)
    docxify (0.1.7)
      image_size (~> 3.0)
      rubyzip (~> 2.3)
    faker (3.6.0)
      i18n (>= 1.8.11, < 2)
    htmlentities (4.4.2)
    i18n (1.14.8)
      concurrent-ruby (~> 1.0)
    image_size (3.4.0)
    marcel (1.0.2)
    matrix (0.4.3)
    method_source (1.0.0)
    nokogiri (1.19.0-x86_64-linux-gnu)
      racc (~> 1.4)
    oga (3.3)
      ast
      ruby-ll (~> 2.1)
    pdf-core (0.9.0)
    prawn (2.4.0)
      pdf-core (~> 0.9.0)
      ttfunk (~> 1.7)
    prawn-html (0.7.0)
      oga (~> 3.3)
      prawn (~> 2.4)
    pry (0.14.1)
      coderay (~> 1.1)
      method_source (~> 1.0)
    racc (1.8.1)
    rake (13.0.6)
    rspec (3.11.0)
      rspec-core (~> 3.11.0)
      rspec-expectations (~> 3.11.0)
      rspec-mocks (~> 3.11.0)
    rspec-core (3.11.0)
      rspec-support (~> 3.11.0)
    rspec-expectations (3.11.0)
      diff-lcs (>= 1.2.0, < 2.0)
      rspec-support (~> 3.11.0)
    rspec-mocks (3.11.1)
      diff-lcs (>= 1.2.0, < 2.0)
      rspec-support (~> 3.11.0)
    rspec-support (3.11.0)
    ruby-ll (2.1.2)
      ansi
      ast
    rubyzip (2.3.2)
    ttfunk (1.7.0)

PLATFORMS
  x86_64-linux

DEPENDENCIES
  fake-file!
  marcel
  pry
  rake (~> 13.0)
  rspec (~> 3.0)

BUNDLED WITH
   2.7.2
